
Microsoft Visual Studio Solution File, Format Version 12.00
# Visual Studio 14
VisualStudioVersion = 14.0.25420.1
MinimumVisualStudioVersion = 10.0.40219.1
Project("{FAE04EC0-301F-11D3-BF4B-00C04F79EFBC}") = "HelloService", "HelloService\HelloService.csproj", "{29C6AE70-8E41-477B-A8DE-62A2DD233E66}"
EndProject
Project("{FAE04EC0-301F-11D3-BF4B-00C04F79EFBC}") = "HelloServiceHost", "HelloServiceHost\HelloServiceHost.csproj", "{2E1A6CC1-D966-4B46-B89D-89066DF9FCA9}"
EndProject
Global
	GlobalSection(SolutionConfigurationPlatforms) = preSolution
		Debug|Any CPU = Debug|Any CPU
		Release|Any CPU = Release|Any CPU
	EndGlobalSection
	GlobalSection(ProjectConfigurationPlatforms) = postSolution
		{29C6AE70-8E41-477B-A8DE-62A2DD233E66}.Debug|Any CPU.ActiveCfg = Debug|Any CPU
		{29C6AE70-8E41-477B-A8DE-62A2DD233E66}.Debug|Any CPU.Build.0 = Debug|Any CPU
		{29C6AE70-8E41-477B-A8DE-62A2DD233E66}.Release|Any CPU.ActiveCfg = Release|Any CPU
		{29C6AE70-8E41-477B-A8DE-62A2DD233E66}.Release|Any CPU.Build.0 = Release|Any CPU
		{2E1A6CC1-D966-4B46-B89D-89066DF9FCA9}.Debug|Any CPU.ActiveCfg = Debug|Any CPU
		{2E1A6CC1-D966-4B46-B89D-89066DF9FCA9}.Debug|Any CPU.Build.0 = Debug|Any CPU
		{2E1A6CC1-D966-4B46-B89D-89066DF9FCA9}.Release|Any CPU.ActiveCfg = Release|Any CPU
		{2E1A6CC1-D966-4B46-B89D-89066DF9FCA9}.Release|Any CPU.Build.0 = Release|Any CPU
	EndGlobalSection
	GlobalSection(SolutionProperties) = preSolution
		HideSolutionNode = FALSE
	EndGlobalSection
EndGlobal
