
Microsoft Visual Studio Solution File, Format Version 12.00
# Visual Studio 14
VisualStudioVersion = 14.0.25123.0
MinimumVisualStudioVersion = 10.0.40219.1
Project("{BE0A4C86-FC82-4F70-8ED6-D24C8B13E7BF}") = "MinecraftMod2", "MinecraftMod2\MinecraftMod2.javaproj", "{FBE07504-414D-439B-AC6A-53FB270D72F9}"
EndProject
Global
	GlobalSection(SolutionConfigurationPlatforms) = preSolution
		DebugClient|Any CPU = DebugClient|Any CPU
		DebugServer|Any CPU = DebugServer|Any CPU
	EndGlobalSection
	GlobalSection(ProjectConfigurationPlatforms) = postSolution
		{FBE07504-414D-439B-AC6A-53FB270D72F9}.DebugClient|Any CPU.ActiveCfg = DebugClient|Any CPU
		{FBE07504-414D-439B-AC6A-53FB270D72F9}.DebugClient|Any CPU.Build.0 = DebugClient|Any CPU
		{FBE07504-414D-439B-AC6A-53FB270D72F9}.DebugServer|Any CPU.ActiveCfg = DebugServer|Any CPU
		{FBE07504-414D-439B-AC6A-53FB270D72F9}.DebugServer|Any CPU.Build.0 = DebugServer|Any CPU
	EndGlobalSection
	GlobalSection(SolutionProperties) = preSolution
		HideSolutionNode = FALSE
	EndGlobalSection
EndGlobal
