
Microsoft Visual Studio Solution File, Format Version 12.00
# Visual Studio 14
VisualStudioVersion = 14.0.25123.0
MinimumVisualStudioVersion = 10.0.40219.1
Project("{BE0A4C86-FC82-4F70-8ED6-D24C8B13E7BF}") = "MinecraftMod1", "MinecraftMod1\MinecraftMod1.javaproj", "{D871BB94-329C-44A5-8886-7998F707E9D4}"
EndProject
Global
	GlobalSection(SolutionConfigurationPlatforms) = preSolution
		DebugClient|Any CPU = DebugClient|Any CPU
		DebugServer|Any CPU = DebugServer|Any CPU
	EndGlobalSection
	GlobalSection(ProjectConfigurationPlatforms) = postSolution
		{D871BB94-329C-44A5-8886-7998F707E9D4}.DebugClient|Any CPU.ActiveCfg = DebugClient|Any CPU
		{D871BB94-329C-44A5-8886-7998F707E9D4}.DebugClient|Any CPU.Build.0 = DebugClient|Any CPU
		{D871BB94-329C-44A5-8886-7998F707E9D4}.DebugServer|Any CPU.ActiveCfg = DebugServer|Any CPU
		{D871BB94-329C-44A5-8886-7998F707E9D4}.DebugServer|Any CPU.Build.0 = DebugServer|Any CPU
	EndGlobalSection
	GlobalSection(SolutionProperties) = preSolution
		HideSolutionNode = FALSE
	EndGlobalSection
EndGlobal
